
Microsoft Visual Studio Solution File, Format Version 12.00
# Visual Studio Version 16
VisualStudioVersion = 16.0.30114.105
MinimumVisualStudioVersion = 10.0.40219.1
Project("{FAE04EC0-301F-11D3-BF4B-00C04F79EFBC}") = "GeoServiceAPI", "GeoServiceAPI\GeoServiceAPI.csproj", "{FE8EE39D-F56E-4B5D-BE89-67AA6F3DD1D3}"
EndProject
Project("{FAE04EC0-301F-11D3-BF4B-00C04F79EFBC}") = "GeoServiceBusinessLayer", "GeoServiceBusinessLayer\GeoServiceBusinessLayer.csproj", "{4A4165E4-B2F6-47FE-BFBC-D1718245511E}"
EndProject
Project("{FAE04EC0-301F-11D3-BF4B-00C04F79EFBC}") = "GeoServiceDataLayer", "GeoServiceDataLayer\GeoServiceDataLayer.csproj", "{92034328-DAAB-4559-90B9-55772DEF6799}"
EndProject
Project("{FAE04EC0-301F-11D3-BF4B-00C04F79EFBC}") = "GeoServiceTestLayer", "GeoServiceTestLayer\GeoServiceTestLayer.csproj", "{97B27604-FCF8-4CC9-8458-A081E03DE50B}"
EndProject
Project("{FAE04EC0-301F-11D3-BF4B-00C04F79EFBC}") = "GeoServiceAPP", "GeoServiceAPP\GeoServiceAPP.csproj", "{C5498B2B-C6BD-421E-B401-C896790F91DC}"
EndProject
Global
	GlobalSection(SolutionConfigurationPlatforms) = preSolution
		Debug|Any CPU = Debug|Any CPU
		Debug|x64 = Debug|x64
		Debug|x86 = Debug|x86
		Release|Any CPU = Release|Any CPU
		Release|x64 = Release|x64
		Release|x86 = Release|x86
	EndGlobalSection
	GlobalSection(ProjectConfigurationPlatforms) = postSolution
		{FE8EE39D-F56E-4B5D-BE89-67AA6F3DD1D3}.Debug|Any CPU.ActiveCfg = Debug|Any CPU
		{FE8EE39D-F56E-4B5D-BE89-67AA6F3DD1D3}.Debug|Any CPU.Build.0 = Debug|Any CPU
		{FE8EE39D-F56E-4B5D-BE89-67AA6F3DD1D3}.Debug|x64.ActiveCfg = Debug|Any CPU
		{FE8EE39D-F56E-4B5D-BE89-67AA6F3DD1D3}.Debug|x64.Build.0 = Debug|Any CPU
		{FE8EE39D-F56E-4B5D-BE89-67AA6F3DD1D3}.Debug|x86.ActiveCfg = Debug|Any CPU
		{FE8EE39D-F56E-4B5D-BE89-67AA6F3DD1D3}.Debug|x86.Build.0 = Debug|Any CPU
		{FE8EE39D-F56E-4B5D-BE89-67AA6F3DD1D3}.Release|Any CPU.ActiveCfg = Release|Any CPU
		{FE8EE39D-F56E-4B5D-BE89-67AA6F3DD1D3}.Release|Any CPU.Build.0 = Release|Any CPU
		{FE8EE39D-F56E-4B5D-BE89-67AA6F3DD1D3}.Release|x64.ActiveCfg = Release|Any CPU
		{FE8EE39D-F56E-4B5D-BE89-67AA6F3DD1D3}.Release|x64.Build.0 = Release|Any CPU
		{FE8EE39D-F56E-4B5D-BE89-67AA6F3DD1D3}.Release|x86.ActiveCfg = Release|Any CPU
		{FE8EE39D-F56E-4B5D-BE89-67AA6F3DD1D3}.Release|x86.Build.0 = Release|Any CPU
		{4A4165E4-B2F6-47FE-BFBC-D1718245511E}.Debug|Any CPU.ActiveCfg = Debug|Any CPU
		{4A4165E4-B2F6-47FE-BFBC-D1718245511E}.Debug|Any CPU.Build.0 = Debug|Any CPU
		{4A4165E4-B2F6-47FE-BFBC-D1718245511E}.Debug|x64.ActiveCfg = Debug|Any CPU
		{4A4165E4-B2F6-47FE-BFBC-D1718245511E}.Debug|x64.Build.0 = Debug|Any CPU
		{4A4165E4-B2F6-47FE-BFBC-D1718245511E}.Debug|x86.ActiveCfg = Debug|Any CPU
		{4A4165E4-B2F6-47FE-BFBC-D1718245511E}.Debug|x86.Build.0 = Debug|Any CPU
		{4A4165E4-B2F6-47FE-BFBC-D1718245511E}.Release|Any CPU.ActiveCfg = Release|Any CPU
		{4A4165E4-B2F6-47FE-BFBC-D1718245511E}.Release|Any CPU.Build.0 = Release|Any CPU
		{4A4165E4-B2F6-47FE-BFBC-D1718245511E}.Release|x64.ActiveCfg = Release|Any CPU
		{4A4165E4-B2F6-47FE-BFBC-D1718245511E}.Release|x64.Build.0 = Release|Any CPU
		{4A4165E4-B2F6-47FE-BFBC-D1718245511E}.Release|x86.ActiveCfg = Release|Any CPU
		{4A4165E4-B2F6-47FE-BFBC-D1718245511E}.Release|x86.Build.0 = Release|Any CPU
		{92034328-DAAB-4559-90B9-55772DEF6799}.Debug|Any CPU.ActiveCfg = Debug|Any CPU
		{92034328-DAAB-4559-90B9-55772DEF6799}.Debug|Any CPU.Build.0 = Debug|Any CPU
		{92034328-DAAB-4559-90B9-55772DEF6799}.Debug|x64.ActiveCfg = Debug|Any CPU
		{92034328-DAAB-4559-90B9-55772DEF6799}.Debug|x64.Build.0 = Debug|Any CPU
		{92034328-DAAB-4559-90B9-55772DEF6799}.Debug|x86.ActiveCfg = Debug|Any CPU
		{92034328-DAAB-4559-90B9-55772DEF6799}.Debug|x86.Build.0 = Debug|Any CPU
		{92034328-DAAB-4559-90B9-55772DEF6799}.Release|Any CPU.ActiveCfg = Release|Any CPU
		{92034328-DAAB-4559-90B9-55772DEF6799}.Release|Any CPU.Build.0 = Release|Any CPU
		{92034328-DAAB-4559-90B9-55772DEF6799}.Release|x64.ActiveCfg = Release|Any CPU
		{92034328-DAAB-4559-90B9-55772DEF6799}.Release|x64.Build.0 = Release|Any CPU
		{92034328-DAAB-4559-90B9-55772DEF6799}.Release|x86.ActiveCfg = Release|Any CPU
		{92034328-DAAB-4559-90B9-55772DEF6799}.Release|x86.Build.0 = Release|Any CPU
		{97B27604-FCF8-4CC9-8458-A081E03DE50B}.Debug|Any CPU.ActiveCfg = Debug|Any CPU
		{97B27604-FCF8-4CC9-8458-A081E03DE50B}.Debug|Any CPU.Build.0 = Debug|Any CPU
		{97B27604-FCF8-4CC9-8458-A081E03DE50B}.Debug|x64.ActiveCfg = Debug|Any CPU
		{97B27604-FCF8-4CC9-8458-A081E03DE50B}.Debug|x64.Build.0 = Debug|Any CPU
		{97B27604-FCF8-4CC9-8458-A081E03DE50B}.Debug|x86.ActiveCfg = Debug|Any CPU
		{97B27604-FCF8-4CC9-8458-A081E03DE50B}.Debug|x86.Build.0 = Debug|Any CPU
		{97B27604-FCF8-4CC9-8458-A081E03DE50B}.Release|Any CPU.ActiveCfg = Release|Any CPU
		{97B27604-FCF8-4CC9-8458-A081E03DE50B}.Release|Any CPU.Build.0 = Release|Any CPU
		{97B27604-FCF8-4CC9-8458-A081E03DE50B}.Release|x64.ActiveCfg = Release|Any CPU
		{97B27604-FCF8-4CC9-8458-A081E03DE50B}.Release|x64.Build.0 = Release|Any CPU
		{97B27604-FCF8-4CC9-8458-A081E03DE50B}.Release|x86.ActiveCfg = Release|Any CPU
		{97B27604-FCF8-4CC9-8458-A081E03DE50B}.Release|x86.Build.0 = Release|Any CPU
		{C5498B2B-C6BD-421E-B401-C896790F91DC}.Debug|Any CPU.ActiveCfg = Debug|Any CPU
		{C5498B2B-C6BD-421E-B401-C896790F91DC}.Debug|Any CPU.Build.0 = Debug|Any CPU
		{C5498B2B-C6BD-421E-B401-C896790F91DC}.Debug|x64.ActiveCfg = Debug|Any CPU
		{C5498B2B-C6BD-421E-B401-C896790F91DC}.Debug|x64.Build.0 = Debug|Any CPU
		{C5498B2B-C6BD-421E-B401-C896790F91DC}.Debug|x86.ActiveCfg = Debug|Any CPU
		{C5498B2B-C6BD-421E-B401-C896790F91DC}.Debug|x86.Build.0 = Debug|Any CPU
		{C5498B2B-C6BD-421E-B401-C896790F91DC}.Release|Any CPU.ActiveCfg = Release|Any CPU
		{C5498B2B-C6BD-421E-B401-C896790F91DC}.Release|Any CPU.Build.0 = Release|Any CPU
		{C5498B2B-C6BD-421E-B401-C896790F91DC}.Release|x64.ActiveCfg = Release|Any CPU
		{C5498B2B-C6BD-421E-B401-C896790F91DC}.Release|x64.Build.0 = Release|Any CPU
		{C5498B2B-C6BD-421E-B401-C896790F91DC}.Release|x86.ActiveCfg = Release|Any CPU
		{C5498B2B-C6BD-421E-B401-C896790F91DC}.Release|x86.Build.0 = Release|Any CPU
	EndGlobalSection
	GlobalSection(SolutionProperties) = preSolution
		HideSolutionNode = FALSE
	EndGlobalSection
	GlobalSection(ExtensibilityGlobals) = postSolution
		SolutionGuid = {68097348-F42B-4FA0-B000-D4688117704C}
	EndGlobalSection
EndGlobal
